{
  "name": "llm-driven-interactive-test-runner",
  "version": "1.0.0",
  "lockfileVersion": 3,
  "requires": true,
  "packages": {
    "": {
      "name": "llm-driven-interactive-test-runner",
      "version": "1.0.0",
      "dependencies": {
        "agent-browser": "^0.22.3"
      }
    },
    "node_modules/agent-browser": {
      "version": "0.22.3",
      "resolved": "https://registry.npmjs.org/agent-browser/-/agent-browser-0.22.3.tgz",
      "integrity": "sha512-8gTcrSrkP/NQUegWABNhW6ik5q/WwAoVhAWAqun1WFGW2VJIHFzF7H6M+1SEEjk1TQ0/jbDNcVLQTb7jnntKRw==",
      "hasInstallScript": true,
      "license": "Apache-2.0",
      "bin": {
        "agent-browser": "bin/agent-browser.js"
      }
    }
  }
}
